uuid: 17cf4113-e5ae-40f3-ad7a-27aeddcf5252
langcode: en
status: true
dependencies:
  module:
    - localgov_publications
    - node
  theme:
    - staffordshire_scc
id: staffordshire_scc_localgov_publications_toc_block
theme: staffordshire_scc
region: sidebar_first
weight: 1
provider: null
plugin: localgov_publications_toc_block
settings:
  id: localgov_publications_toc_block
  label: 'On this page'
  label_display: visible
  provider: localgov_publications
  context_mapping:
    node: '@node.node_route_context:node'
visibility:
  'entity_bundle:node':
    id: 'entity_bundle:node'
    negate: false
    context_mapping:
      node: '@node.node_route_context:node'
    bundles:
      localgov_publication_page: localgov_publication_page
